// !$*UTF8*$!
{
	archiveVersion = 1;
	classes = {
	};
	objectVersion = 46;
	objects = {

/* Begin PBXBuildFile section */
		C9787EF81C0E031E00787AEF /* AppDelegate.swift in Sources */ = {isa = PBXBuildFile; fileRef = C9787EF71C0E031E00787AEF /* AppDelegate.swift */; };
		C9787EFA1C0E031E00787AEF /* ViewController.swift in Sources */ = {isa = PBXBuildFile; fileRef = C9787EF91C0E031E00787AEF /* ViewController.swift */; };
		C9787EFD1C0E031E00787AEF /* Main.storyboard in Resources */ = {isa = PBXBuildFile; fileRef = C9787EFB1C0E031E00787AEF /* Main.storyboard */; };
		C9787EFF1C0E031E00787AEF /* Assets.xcassets in Resources */ = {isa = PBXBuildFile; fileRef = C9787EFE1C0E031E00787AEF /* Assets.xcassets */; };
		C9787F021C0E031E00787AEF /* LaunchScreen.storyboard in Resources */ = {isa = PBXBuildFile; fileRef = C9787F001C0E031E00787AEF /* LaunchScreen.storyboard */; };
		C9787F0D1C0E031E00787AEF /* ejercicio2Tests.swift in Sources */ = {isa = PBXBuildFile; fileRef = C9787F0C1C0E031E00787AEF /* ejercicio2Tests.swift */; };
		C9787F181C0E031E00787AEF /* ejercicio2UITests.swift in Sources */ = {isa = PBXBuildFile; fileRef = C9787F171C0E031E00787AEF /* ejercicio2UITests.swift */; };
/* End PBXBuildFile section */

/* Begin PBXContainerItemProxy section */
		C9787F091C0E031E00787AEF /* PBXContainerItemProxy */ = {
			isa = PBXContainerItemProxy;
			containerPortal = C9787EEC1C0E031E00787AEF /* Project object */;
			proxyType = 1;
			remoteGlobalIDString = C9787EF31C0E031E00787AEF;
			remoteInfo = ejercicio2;
		};
		C9787F141C0E031E00787AEF /* PBXContainerItemProxy */ = {
			isa = PBXContainerItemProxy;
			containerPortal = C9787EEC1C0E031E00787AEF /* Project object */;
			proxyType = 1;
			remoteGlobalIDString = C9787EF31C0E031E00787AEF;
			remoteInfo = ejercicio2;
		};
/* End PBXContainerItemProxy section */

/* Begin PBXFileReference section */
		C9787EF41C0E031E00787AEF /* ejercicio2.app */ = {isa = PBXFileReference; explicitFileType = wrapper.application; includeInIndex = 0; path = ejercicio2.app; sourceTree = BUILT_PRODUCTS_DIR; };
		C9787EF71C0E031E00787AEF /* AppDelegate.swift */ = {isa = PBXFileReference; lastKnownFileType = sourcecode.swift; path = AppDelegate.swift; sourceTree = "<group>"; };
		C9787EF91C0E031E00787AEF /* ViewController.swift */ = {isa = PBXFileReference; lastKnownFileType = sourcecode.swift; path = ViewController.swift; sourceTree = "<group>"; };
		C9787EFC1C0E031E00787AEF /* Base */ = {isa = PBXFileReference; lastKnownFileType = file.storyboard; name = Base; path = Base.lproj/Main.storyboard; sourceTree = "<group>"; };
		C9787EFE1C0E031E00787AEF /* Assets.xcassets */ = {isa = PBXFileReference; lastKnownFileType = folder.assetcatalog; path = Assets.xcassets; sourceTree = "<group>"; };
		C9787F011C0E031E00787AEF /* Base */ = {isa = PBXFileReference; lastKnownFileType = file.storyboard; name = Base; path = Base.lproj/LaunchScreen.storyboard; sourceTree = "<group>"; };
		C9787F031C0E031E00787AEF /* Info.plist */ = {isa = PBXFileReference; lastKnownFileType = text.plist.xml; path = Info.plist; sourceTree = "<group>"; };
		C9787F081C0E031E00787AEF /* ejercicio2Tests.xctest */ = {isa = PBXFileReference; explicitFileType = wrapper.cfbundle; includeInIndex = 0; path = ejercicio2Tests.xctest; sourceTree = BUILT_PRODUCTS_DIR; };
		C9787F0C1C0E031E00787AEF /* ejercicio2Tests.swift */ = {isa = PBXFileReference; lastKnownFileType = sourcecode.swift; path = ejercicio2Tests.swift; sourceTree = "<group>"; };
		C9787F0E1C0E031E00787AEF /* Info.plist */ = {isa = PBXFileReference; lastKnownFileType = text.plist.xml; path = Info.plist; sourceTree = "<group>"; };
		C9787F131C0E031E00787AEF /* ejercicio2UITests.xctest */ = {isa = PBXFileReference; explicitFileType = wrapper.cfbundle; includeInIndex = 0; path = ejercicio2UITests.xctest; sourceTree = BUILT_PRODUCTS_DIR; };
		C9787F171C0E031E00787AEF /* ejercicio2UITests.swift */ = {isa = PBXFileReference; lastKnownFileType = sourcecode.swift; path = ejercicio2UITests.swift; sourceTree = "<group>"; };
		C9787F191C0E031E00787AEF /* Info.plist */ = {isa = PBXFileReference; lastKnownFileType = text.plist.xml; path = Info.plist; sourceTree = "<group>"; };
/* End PBXFileReference section */

/* Begin PBXFrameworksBuildPhase section */
		C9787EF11C0E031E00787AEF /* Frameworks */ = {
			isa = PBXFrameworksBuildPhase;
			buildActionMask = 2147483647;
			files = (
			);
			runOnlyForDeploymentPostprocessing = 0;
		};
		C9787F051C0E031E00787AEF /* Frameworks */ = {
			isa = PBXFrameworksBuildPhase;
			buildActionMask = 2147483647;
			files = (
			);
			runOnlyForDeploymentPostprocessing = 0;
		};
		C9787F101C0E031E00787AEF /* Frameworks */ = {
			isa = PBXFrameworksBuildPhase;
			buildActionMask = 2147483647;
			files = (
			);
			runOnlyForDeploymentPostprocessing = 0;
		};
/* End PBXFrameworksBuildPhase section */

/* Begin PBXGroup section */
		C9787EEB1C0E031E00787AEF = {
			isa = PBXGroup;
			children = (
				C9787EF61C0E031E00787AEF /* ejercicio2 */,
				C9787F0B1C0E031E00787AEF /* ejercicio2Tests */,
				C9787F161C0E031E00787AEF /* ejercicio2UITests */,
				C9787EF51C0E031E00787AEF /* Products */,
			);
			sourceTree = "<group>";
		};
		C9787EF51C0E031E00787AEF /* Products */ = {
			isa = PBXGroup;
			children = (
				C9787EF41C0E031E00787AEF /* ejercicio2.app */,
				C9787F081C0E031E00787AEF /* ejercicio2Tests.xctest */,
				C9787F131C0E031E00787AEF /* ejercicio2UITests.xctest */,
			);
			name = Products;
			sourceTree = "<group>";
		};
		C9787EF61C0E031E00787AEF /* ejercicio2 */ = {
			isa = PBXGroup;
			children = (
				C9787EF71C0E031E00787AEF /* AppDelegate.swift */,
				C9787EF91C0E031E00787AEF /* ViewController.swift */,
				C9787EFB1C0E031E00787AEF /* Main.storyboard */,
				C9787EFE1C0E031E00787AEF /* Assets.xcassets */,
				C9787F001C0E031E00787AEF /* LaunchScreen.storyboard */,
				C9787F031C0E031E00787AEF /* Info.plist */,
			);
			path = ejercicio2;
			sourceTree = "<group>";
		};
		C9787F0B1C0E031E00787AEF /* ejercicio2Tests */ = {
			isa = PBXGroup;
			children = (
				C9787F0C1C0E031E00787AEF /* ejercicio2Tests.swift */,
				C9787F0E1C0E031E00787AEF /* Info.plist */,
			);
			path = ejercicio2Tests;
			sourceTree = "<group>";
		};
		C9787F161C0E031E00787AEF /* ejercicio2UITests */ = {
			isa = PBXGroup;
			children = (
				C9787F171C0E031E00787AEF /* ejercicio2UITests.swift */,
				C9787F191C0E031E00787AEF /* Info.plist */,
			);
			path = ejercicio2UITests;
			sourceTree = "<group>";
		};
/* End PBXGroup section */

/* Begin PBXNativeTarget section */
		C9787EF31C0E031E00787AEF /* ejercicio2 */ = {
			isa = PBXNativeTarget;
			buildConfigurationList = C9787F1C1C0E031E00787AEF /* Build configuration list for PBXNativeTarget "ejercicio2" */;
			buildPhases = (
				C9787EF01C0E031E00787AEF /* Sources */,
				C9787EF11C0E031E00787AEF /* Frameworks */,
				C9787EF21C0E031E00787AEF /* Resources */,
			);
			buildRules = (
			);
			dependencies = (
			);
			name = ejercicio2;
			productName = ejercicio2;
			productReference = C9787EF41C0E031E00787AEF /* ejercicio2.app */;
			productType = "com.apple.product-type.application";
		};
		C9787F071C0E031E00787AEF /* ejercicio2Tests */ = {
			isa = PBXNativeTarget;
			buildConfigurationList = C9787F1F1C0E031E00787AEF /* Build configuration list for PBXNativeTarget "ejercicio2Tests" */;
			buildPhases = (
				C9787F041C0E031E00787AEF /* Sources */,
				C9787F051C0E031E00787AEF /* Frameworks */,
				C9787F061C0E031E00787AEF /* Resources */,
			);
			buildRules = (
			);
			dependencies = (
				C9787F0A1C0E031E00787AEF /* PBXTargetDependency */,
			);
			name = ejercicio2Tests;
			productName = ejercicio2Tests;
			productReference = C9787F081C0E031E00787AEF /* ejercicio2Tests.xctest */;
			productType = "com.apple.product-type.bundle.unit-test";
		};
		C9787F121C0E031E00787AEF /* ejercicio2UITests */ = {
			isa = PBXNativeTarget;
			buildConfigurationList = C9787F221C0E031E00787AEF /* Build configuration list for PBXNativeTarget "ejercicio2UITests" */;
			buildPhases = (
				C9787F0F1C0E031E00787AEF /* Sources */,
				C9787F101C0E031E00787AEF /* Frameworks */,
				C9787F111C0E031E00787AEF /* Resources */,
			);
			buildRules = (
			);
			dependencies = (
				C9787F151C0E031E00787AEF /* PBXTargetDependency */,
			);
			name = ejercicio2UITests;
			productName = ejercicio2UITests;
			productReference = C9787F131C0E031E00787AEF /* ejercicio2UITests.xctest */;
			productType = "com.apple.product-type.bundle.ui-testing";
		};
/* End PBXNativeTarget section */

/* Begin PBXProject section */
		C9787EEC1C0E031E00787AEF /* Project object */ = {
			isa = PBXProject;
			attributes = {
				LastUpgradeCheck = 0700;
				ORGANIZATIONNAME = usu27;
				TargetAttributes = {
					C9787EF31C0E031E00787AEF = {
						CreatedOnToolsVersion = 7.0;
					};
					C9787F071C0E031E00787AEF = {
						CreatedOnToolsVersion = 7.0;
						TestTargetID = C9787EF31C0E031E00787AEF;
					};
					C9787F121C0E031E00787AEF = {
						CreatedOnToolsVersion = 7.0;
						TestTargetID = C9787EF31C0E031E00787AEF;
					};
				};
			};
			buildConfigurationList = C9787EEF1C0E031E00787AEF /* Build configuration list for PBXProject "ejercicio2" */;
			compatibilityVersion = "Xcode 3.2";
			developmentRegion = English;
			hasScannedForEncodings = 0;
			knownRegions = (
				en,
				Base,
			);
			mainGroup = C9787EEB1C0E031E00787AEF;
			productRefGroup = C9787EF51C0E031E00787AEF /* Products */;
			projectDirPath = "";
			projectRoot = "";
			targets = (
				C9787EF31C0E031E00787AEF /* ejercicio2 */,
				C9787F071C0E031E00787AEF /* ejercicio2Tests */,
				C9787F121C0E031E00787AEF /* ejercicio2UITests */,
			);
		};
/* End PBXProject section */

/* Begin PBXResourcesBuildPhase section */
		C9787EF21C0E031E00787AEF /* Resources */ = {
			isa = PBXResourcesBuildPhase;
			buildActionMask = 2147483647;
			files = (
				C9787F021C0E031E00787AEF /* LaunchScreen.storyboard in Resources */,
				C9787EFF1C0E031E00787AEF /* Assets.xcassets in Resources */,
				C9787EFD1C0E031E00787AEF /* Main.storyboard in Resources */,
			);
			runOnlyForDeploymentPostprocessing = 0;
		};
		C9787F061C0E031E00787AEF /* Resources */ = {
			isa = PBXResourcesBuildPhase;
			buildActionMask = 2147483647;
			files = (
			);
			runOnlyForDeploymentPostprocessing = 0;
		};
		C9787F111C0E031E00787AEF /* Resources */ = {
			isa = PBXResourcesBuildPhase;
			buildActionMask = 2147483647;
			files = (
			);
			runOnlyForDeploymentPostprocessing = 0;
		};
/* End PBXResourcesBuildPhase section */

/* Begin PBXSourcesBuildPhase section */
		C9787EF01C0E031E00787AEF /* Sources */ = {
			isa = PBXSourcesBuildPhase;
			buildActionMask = 2147483647;
			files = (
				C9787EFA1C0E031E00787AEF /* ViewController.swift in Sources */,
				C9787EF81C0E031E00787AEF /* AppDelegate.swift in Sources */,
			);
			runOnlyForDeploymentPostprocessing = 0;
		};
		C9787F041C0E031E00787AEF /* Sources */ = {
			isa = PBXSourcesBuildPhase;
			buildActionMask = 2147483647;
			files = (
				C9787F0D1C0E031E00787AEF /* ejercicio2Tests.swift in Sources */,
			);
			runOnlyForDeploymentPostprocessing = 0;
		};
		C9787F0F1C0E031E00787AEF /* Sources */ = {
			isa = PBXSourcesBuildPhase;
			buildActionMask = 2147483647;
			files = (
				C9787F181C0E031E00787AEF /* ejercicio2UITests.swift in Sources */,
			);
			runOnlyForDeploymentPostprocessing = 0;
		};
/* End PBXSourcesBuildPhase section */

/* Begin PBXTargetDependency section */
		C9787F0A1C0E031E00787AEF /* PBXTargetDependency */ = {
			isa = PBXTargetDependency;
			target = C9787EF31C0E031E00787AEF /* ejercicio2 */;
			targetProxy = C9787F091C0E031E00787AEF /* PBXContainerItemProxy */;
		};
		C9787F151C0E031E00787AEF /* PBXTargetDependency */ = {
			isa = PBXTargetDependency;
			target = C9787EF31C0E031E00787AEF /* ejercicio2 */;
			targetProxy = C9787F141C0E031E00787AEF /* PBXContainerItemProxy */;
		};
/* End PBXTargetDependency section */

/* Begin PBXVariantGroup section */
		C9787EFB1C0E031E00787AEF /* Main.storyboard */ = {
			isa = PBXVariantGroup;
			children = (
				C9787EFC1C0E031E00787AEF /* Base */,
			);
			name = Main.storyboard;
			sourceTree = "<group>";
		};
		C9787F001C0E031E00787AEF /* LaunchScreen.storyboard */ = {
			isa = PBXVariantGroup;
			children = (
				C9787F011C0E031E00787AEF /* Base */,
			);
			name = LaunchScreen.storyboard;
			sourceTree = "<group>";
		};
/* End PBXVariantGroup section */

/* Begin XCBuildConfiguration section */
		C9787F1A1C0E031E00787AEF /* Debug */ = {
			isa = XCBuildConfiguration;
			buildSettings = {
				ALWAYS_SEARCH_USER_PATHS = NO;
				CLANG_CXX_LANGUAGE_STANDARD = "gnu++0x";
				CLANG_CXX_LIBRARY = "libc++";
				CLANG_ENABLE_MODULES = YES;
				CLANG_ENABLE_OBJC_ARC = YES;
				CLANG_WARN_BOOL_CONVERSION = YES;
				CLANG_WARN_CONSTANT_CONVERSION = YES;
				CLANG_WARN_DIRECT_OBJC_ISA_USAGE = YES_ERROR;
				CLANG_WARN_EMPTY_BODY = YES;
				CLANG_WARN_ENUM_CONVERSION = YES;
				CLANG_WARN_INT_CONVERSION = YES;
				CLANG_WARN_OBJC_ROOT_CLASS = YES_ERROR;
				CLANG_WARN_UNREACHABLE_CODE = YES;
				CLANG_WARN__DUPLICATE_METHOD_MATCH = YES;
				"CODE_SIGN_IDENTITY[sdk=iphoneos*]" = "iPhone Developer";
				COPY_PHASE_STRIP = NO;
				DEBUG_INFORMATION_FORMAT = dwarf;
				ENABLE_STRICT_OBJC_MSGSEND = YES;
				ENABLE_TESTABILITY = YES;
				GCC_C_LANGUAGE_STANDARD = gnu99;
				GCC_DYNAMIC_NO_PIC = NO;
				GCC_NO_COMMON_BLOCKS = YES;
				GCC_OPTIMIZATION_LEVEL = 0;
				GCC_PREPROCESSOR_DEFINITIONS = (
					"DEBUG=1",
					"$(inherited)",
				);
				GCC_WARN_64_TO_32_BIT_CONVERSION = YES;
				GCC_WARN_ABOUT_RETURN_TYPE = YES_ERROR;
				GCC_WARN_UNDECLARED_SELECTOR = YES;
				GCC_WARN_UNINITIALIZED_AUTOS = YES_AGGRESSIVE;
				GCC_WARN_UNUSED_FUNCTION = YES;
				GCC_WARN_UNUSED_VARIABLE = YES;
				IPHONEOS_DEPLOYMENT_TARGET = 9.0;
				MTL_ENABLE_DEBUG_INFO = YES;
				ONLY_ACTIVE_ARCH = YES;
				SDKROOT = iphoneos;
				SWIFT_OPTIMIZATION_LEVEL = "-Onone";
			};
			name = Debug;
		};
		C9787F1B1C0E031E00787AEF /* Release */ = {
			isa = XCBuildConfiguration;
			buildSettings = {
				ALWAYS_SEARCH_USER_PATHS = NO;
				CLANG_CXX_LANGUAGE_STANDARD = "gnu++0x";
				CLANG_CXX_LIBRARY = "libc++";
				CLANG_ENABLE_MODULES = YES;
				CLANG_ENABLE_OBJC_ARC = YES;
				CLANG_WARN_BOOL_CONVERSION = YES;
				CLANG_WARN_CONSTANT_CONVERSION = YES;
				CLANG_WARN_DIRECT_OBJC_ISA_USAGE = YES_ERROR;
				CLANG_WARN_EMPTY_BODY = YES;
				CLANG_WARN_ENUM_CONVERSION = YES;
				CLANG_WARN_INT_CONVERSION = YES;
				CLANG_WARN_OBJC_ROOT_CLASS = YES_ERROR;
				CLANG_WARN_UNREACHABLE_CODE = YES;
				CLANG_WARN__DUPLICATE_METHOD_MATCH = YES;
				"CODE_SIGN_IDENTITY[sdk=iphoneos*]" = "iPhone Developer";
				COPY_PHASE_STRIP = NO;
				DEBUG_INFORMATION_FORMAT = "dwarf-with-dsym";
				ENABLE_NS_ASSERTIONS = NO;
				ENABLE_STRICT_OBJC_MSGSEND = YES;
				GCC_C_LANGUAGE_STANDARD = gnu99;
				GCC_NO_COMMON_BLOCKS = YES;
				GCC_WARN_64_TO_32_BIT_CONVERSION = YES;
				GCC_WARN_ABOUT_RETURN_TYPE = YES_ERROR;
				GCC_WARN_UNDECLARED_SELECTOR = YES;
				GCC_WARN_UNINITIALIZED_AUTOS = YES_AGGRESSIVE;
				GCC_WARN_UNUSED_FUNCTION = YES;
				GCC_WARN_UNUSED_VARIABLE = YES;
				IPHONEOS_DEPLOYMENT_TARGET = 9.0;
				MTL_ENABLE_DEBUG_INFO = NO;
				SDKROOT = iphoneos;
				VALIDATE_PRODUCT = YES;
			};
			name = Release;
		};
		C9787F1D1C0E031E00787AEF /* Debug */ = {
			isa = XCBuildConfiguration;
			buildSettings = {
				ASSETCATALOG_COMPILER_APPICON_NAME = AppIcon;
				INFOPLIST_FILE = ejercicio2/Info.plist;
				LD_RUNPATH_SEARCH_PATHS = "$(inherited) @executable_path/Frameworks";
				PRODUCT_BUNDLE_IDENTIFIER = Eric.ejercicio2;
				PRODUCT_NAME = "$(TARGET_NAME)";
			};
			name = Debug;
		};
		C9787F1E1C0E031E00787AEF /* Release */ = {
			isa = XCBuildConfiguration;
			buildSettings = {
				ASSETCATALOG_COMPILER_APPICON_NAME = AppIcon;
				INFOPLIST_FILE = ejercicio2/Info.plist;
				LD_RUNPATH_SEARCH_PATHS = "$(inherited) @executable_path/Frameworks";
				PRODUCT_BUNDLE_IDENTIFIER = Eric.ejercicio2;
				PRODUCT_NAME = "$(TARGET_NAME)";
			};
			name = Release;
		};
		C9787F201C0E031E00787AEF /* Debug */ = {
			isa = XCBuildConfiguration;
			buildSettings = {
				BUNDLE_LOADER = "$(TEST_HOST)";
				INFOPLIST_FILE = ejercicio2Tests/Info.plist;
				LD_RUNPATH_SEARCH_PATHS = "$(inherited) @executable_path/Frameworks @loader_path/Frameworks";
				PRODUCT_BUNDLE_IDENTIFIER = Eric.ejercicio2Tests;
				PRODUCT_NAME = "$(TARGET_NAME)";
				TEST_HOST = "$(BUILT_PRODUCTS_DIR)/ejercicio2.app/ejercicio2";
			};
			name = Debug;
		};
		C9787F211C0E031E00787AEF /* Release */ = {
			isa = XCBuildConfiguration;
			buildSettings = {
				BUNDLE_LOADER = "$(TEST_HOST)";
				INFOPLIST_FILE = ejercicio2Tests/Info.plist;
				LD_RUNPATH_SEARCH_PATHS = "$(inherited) @executable_path/Frameworks @loader_path/Frameworks";
				PRODUCT_BUNDLE_IDENTIFIER = Eric.ejercicio2Tests;
				PRODUCT_NAME = "$(TARGET_NAME)";
				TEST_HOST = "$(BUILT_PRODUCTS_DIR)/ejercicio2.app/ejercicio2";
			};
			name = Release;
		};
		C9787F231C0E031E00787AEF /* Debug */ = {
			isa = XCBuildConfiguration;
			buildSettings = {
				INFOPLIST_FILE = ejercicio2UITests/Info.plist;
				LD_RUNPATH_SEARCH_PATHS = "$(inherited) @executable_path/Frameworks @loader_path/Frameworks";
				PRODUCT_BUNDLE_IDENTIFIER = Eric.ejercicio2UITests;
				PRODUCT_NAME = "$(TARGET_NAME)";
				TEST_TARGET_NAME = ejercicio2;
				USES_XCTRUNNER = YES;
			};
			name = Debug;
		};
		C9787F241C0E031E00787AEF /* Release */ = {
			isa = XCBuildConfiguration;
			buildSettings = {
				INFOPLIST_FILE = ejercicio2UITests/Info.plist;
				LD_RUNPATH_SEARCH_PATHS = "$(inherited) @executable_path/Frameworks @loader_path/Frameworks";
				PRODUCT_BUNDLE_IDENTIFIER = Eric.ejercicio2UITests;
				PRODUCT_NAME = "$(TARGET_NAME)";
				TEST_TARGET_NAME = ejercicio2;
				USES_XCTRUNNER = YES;
			};
			name = Release;
		};
/* End XCBuildConfiguration section */

/* Begin XCConfigurationList section */
		C9787EEF1C0E031E00787AEF /* Build configuration list for PBXProject "ejercicio2" */ = {
			isa = XCConfigurationList;
			buildConfigurations = (
				C9787F1A1C0E031E00787AEF /* Debug */,
				C9787F1B1C0E031E00787AEF /* Release */,
			);
			defaultConfigurationIsVisible = 0;
			defaultConfigurationName = Release;
		};
		C9787F1C1C0E031E00787AEF /* Build configuration list for PBXNativeTarget "ejercicio2" */ = {
			isa = XCConfigurationList;
			buildConfigurations = (
				C9787F1D1C0E031E00787AEF /* Debug */,
				C9787F1E1C0E031E00787AEF /* Release */,
			);
			defaultConfigurationIsVisible = 0;
		};
		C9787F1F1C0E031E00787AEF /* Build configuration list for PBXNativeTarget "ejercicio2Tests" */ = {
			isa = XCConfigurationList;
			buildConfigurations = (
				C9787F201C0E031E00787AEF /* Debug */,
				C9787F211C0E031E00787AEF /* Release */,
			);
			defaultConfigurationIsVisible = 0;
		};
		C9787F221C0E031E00787AEF /* Build configuration list for PBXNativeTarget "ejercicio2UITests" */ = {
			isa = XCConfigurationList;
			buildConfigurations = (
				C9787F231C0E031E00787AEF /* Debug */,
				C9787F241C0E031E00787AEF /* Release */,
			);
			defaultConfigurationIsVisible = 0;
		};
/* End XCConfigurationList section */
	};
	rootObject = C9787EEC1C0E031E00787AEF /* Project object */;
}
